
Microsoft Visual Studio Solution File, Format Version 12.00
# Visual Studio Version 16
VisualStudioVersion = 16.0.29613.14
MinimumVisualStudioVersion = 10.0.40219.1
Project("{FAE04EC0-301F-11D3-BF4B-00C04F79EFBC}") = "Health.API", "Health.API\Health.API.csproj", "{930DDD58-99BF-49A2-9058-AC70F9C2D4FF}"
EndProject
Global
	GlobalSection(SolutionConfigurationPlatforms) = preSolution
		Debug|Any CPU = Debug|Any CPU
		Release|Any CPU = Release|Any CPU
	EndGlobalSection
	GlobalSection(ProjectConfigurationPlatforms) = postSolution
		{930DDD58-99BF-49A2-9058-AC70F9C2D4FF}.Debug|Any CPU.ActiveCfg = Debug|Any CPU
		{930DDD58-99BF-49A2-9058-AC70F9C2D4FF}.Debug|Any CPU.Build.0 = Debug|Any CPU
		{930DDD58-99BF-49A2-9058-AC70F9C2D4FF}.Release|Any CPU.ActiveCfg = Release|Any CPU
		{930DDD58-99BF-49A2-9058-AC70F9C2D4FF}.Release|Any CPU.Build.0 = Release|Any CPU
	EndGlobalSection
	GlobalSection(SolutionProperties) = preSolution
		HideSolutionNode = FALSE
	EndGlobalSection
	GlobalSection(ExtensibilityGlobals) = postSolution
		SolutionGuid = {F1033FA2-B814-476A-9C60-E3E40755ACFF}
	EndGlobalSection
EndGlobal
